<?xml version="1.0" encoding="utf-8"?>
<Project ToolsVersion="4.0" xmlns="http://schemas.microsoft.com/developer/msbuild/2003">
  <ItemGroup>
    <Filter Include="source">
      <UniqueIdentifier>{d1606050-7b70-4a73-b15c-902289da2957}</UniqueIdentifier>
    </Filter>
    <Filter Include="lib">
      <UniqueIdentifier>{c17fb5f4-dad0-42ea-a707-2be0999a472d}</UniqueIdentifier>
    </Filter>
    <Filter Include="lib\imgui">
      <UniqueIdentifier>{af9c90e0-4905-4b95-a894-3f50c99ea0a1}</UniqueIdentifier>
    </Filter>
    <Filter Include="lib\imgui\backends">
      <UniqueIdentifier>{9d5df2c8-561a-4445-90f7-c79235850b67}</UniqueIdentifier>
    </Filter>
  </ItemGroup>
  <ItemGroup>
    <ClCompile Include="source\main.cpp">
      <Filter>source</Filter>
    </ClCompile>
    <ClCompile Include="lib\imgui\imgui.cpp">
      <Filter>lib\imgui</Filter>
    </ClCompile>
    <ClCompile Include="lib\imgui\imgui_demo.cpp">
      <Filter>lib\imgui</Filter>
    </ClCompile>
    <ClCompile Include="lib\imgui\imgui_draw.cpp">
      <Filter>lib\imgui</Filter>
    </ClCompile>
    <ClCompile Include="lib\imgui\imgui_tables.cpp">
      <Filter>lib\imgui</Filter>
    </ClCompile>
    <ClCompile Include="lib\imgui\imgui_widgets.cpp">
      <Filter>lib\imgui</Filter>
    </ClCompile>
    <ClCompile Include="lib\imgui\backends\imgui_impl_dx11.cpp">
      <Filter>lib\imgui\backends</Filter>
    </ClCompile>
    <ClCompile Include="lib\imgui\backends\imgui_impl_win32.cpp">
      <Filter>lib\imgui\backends</Filter>
    </ClCompile>
    <ClCompile Include="source\DBRequest.cpp">
      <Filter>source</Filter>
    </ClCompile>
    <ClCompile Include="source\pch.cpp">
      <Filter>source</Filter>
    </ClCompile>
    <ClCompile Include="source\DBField.cpp">
      <Filter>source</Filter>
    </ClCompile>
    <ClCompile Include="source\DBTable.cpp">
      <Filter>source</Filter>
    </ClCompile>
    <ClCompile Include="source\DBJoin.cpp">
      <Filter>source</Filter>
    </ClCompile>
  </ItemGroup>
  <ItemGroup>
    <ClInclude Include="lib\imgui\imconfig.h">
      <Filter>lib\imgui</Filter>
    </ClInclude>
    <ClInclude Include="lib\imgui\imgui.h">
      <Filter>lib\imgui</Filter>
    </ClInclude>
    <ClInclude Include="lib\imgui\imgui_internal.h">
      <Filter>lib\imgui</Filter>
    </ClInclude>
    <ClInclude Include="lib\imgui\imstb_rectpack.h">
      <Filter>lib\imgui</Filter>
    </ClInclude>
    <ClInclude Include="lib\imgui\imstb_textedit.h">
      <Filter>lib\imgui</Filter>
    </ClInclude>
    <ClInclude Include="lib\imgui\imstb_truetype.h">
      <Filter>lib\imgui</Filter>
    </ClInclude>
    <ClInclude Include="lib\imgui\backends\imgui_impl_dx11.h">
      <Filter>lib\imgui\backends</Filter>
    </ClInclude>
    <ClInclude Include="lib\imgui\backends\imgui_impl_win32.h">
      <Filter>lib\imgui\backends</Filter>
    </ClInclude>
    <ClInclude Include="source\DBRequest.h">
      <Filter>source</Filter>
    </ClInclude>
    <ClInclude Include="source\pch.h">
      <Filter>source</Filter>
    </ClInclude>
    <ClInclude Include="source\CTypes.h">
      <Filter>source</Filter>
    </ClInclude>
    <ClInclude Include="source\DBField.h">
      <Filter>source</Filter>
    </ClInclude>
    <ClInclude Include="source\DBTable.h">
      <Filter>source</Filter>
    </ClInclude>
    <ClInclude Include="source\DBJoin.h">
      <Filter>source</Filter>
    </ClInclude>
  </ItemGroup>
</Project>