<?xml version="1.0" encoding="utf-8"?>
<Project ToolsVersion="4.0" xmlns="http://schemas.microsoft.com/developer/msbuild/2003">
  <ItemGroup>
    <Filter Include="source">
      <UniqueIdentifier>{d1606050-7b70-4a73-b15c-902289da2957}</UniqueIdentifier>
    </Filter>
    <Filter Include="lib">
      <UniqueIdentifier>{7b9554e2-9d41-4d29-8172-7a325292ff97}</UniqueIdentifier>
    </Filter>
    <Filter Include="lib\imgui">
      <UniqueIdentifier>{dca5e773-1e69-4ab2-916f-c22a4ff39bf6}</UniqueIdentifier>
    </Filter>
    <Filter Include="lib\imgui\backend">
      <UniqueIdentifier>{fb60368a-7553-4fd0-9e80-6988a4a1e4a5}</UniqueIdentifier>
    </Filter>
  </ItemGroup>
  <ItemGroup>
    <ClCompile Include="source\main.cpp">
      <Filter>source</Filter>
    </ClCompile>
    <ClCompile Include="lib\imgui\imgui.cpp">
      <Filter>lib\imgui</Filter>
    </ClCompile>
    <ClCompile Include="lib\imgui\imgui_demo.cpp">
      <Filter>lib\imgui</Filter>
    </ClCompile>
    <ClCompile Include="lib\imgui\imgui_draw.cpp">
      <Filter>lib\imgui</Filter>
    </ClCompile>
    <ClCompile Include="lib\imgui\imgui_tables.cpp">
      <Filter>lib\imgui</Filter>
    </ClCompile>
    <ClCompile Include="lib\imgui\imgui_widgets.cpp">
      <Filter>lib\imgui</Filter>
    </ClCompile>
    <ClCompile Include="lib\imgui\backends\imgui_impl_dx11.cpp">
      <Filter>lib\imgui\backend</Filter>
    </ClCompile>
    <ClCompile Include="lib\imgui\backends\imgui_impl_win32.cpp">
      <Filter>lib\imgui\backend</Filter>
    </ClCompile>
  </ItemGroup>
  <ItemGroup>
    <ClInclude Include="lib\imgui\imconfig.h">
      <Filter>lib\imgui</Filter>
    </ClInclude>
    <ClInclude Include="lib\imgui\imgui.h">
      <Filter>lib\imgui</Filter>
    </ClInclude>
    <ClInclude Include="lib\imgui\imgui_internal.h">
      <Filter>lib\imgui</Filter>
    </ClInclude>
    <ClInclude Include="lib\imgui\imstb_rectpack.h">
      <Filter>lib\imgui</Filter>
    </ClInclude>
    <ClInclude Include="lib\imgui\imstb_textedit.h">
      <Filter>lib\imgui</Filter>
    </ClInclude>
    <ClInclude Include="lib\imgui\imstb_truetype.h">
      <Filter>lib\imgui</Filter>
    </ClInclude>
    <ClInclude Include="lib\imgui\backends\imgui_impl_dx11.h">
      <Filter>lib\imgui\backend</Filter>
    </ClInclude>
    <ClInclude Include="lib\imgui\backends\imgui_impl_win32.h">
      <Filter>lib\imgui\backend</Filter>
    </ClInclude>
  </ItemGroup>
</Project>